Microsoft Visual Studio Solution File, Format Version 12.00
# Visual Studio Version 17
VisualStudioVersion = 17.5.2.0
MinimumVisualStudioVersion = 10.0.40219.1
Project("{FAE04EC0-301F-11D3-BF4B-00C04F79EFBC}") = "HarajatlarToplaminiHisoblash", "HarajatlarToplaminiHisoblash.csproj", "{4EBC8056-0F29-E3FA-20D0-A73068228F25}"
EndProject
Global
	GlobalSection(SolutionConfigurationPlatforms) = preSolution
		Debug|Any CPU = Debug|Any CPU
		Release|Any CPU = Release|Any CPU
	EndGlobalSection
	GlobalSection(ProjectConfigurationPlatforms) = postSolution
		{4EBC8056-0F29-E3FA-20D0-A73068228F25}.Debug|Any CPU.ActiveCfg = Debug|Any CPU
		{4EBC8056-0F29-E3FA-20D0-A73068228F25}.Debug|Any CPU.Build.0 = Debug|Any CPU
		{4EBC8056-0F29-E3FA-20D0-A73068228F25}.Release|Any CPU.ActiveCfg = Release|Any CPU
		{4EBC8056-0F29-E3FA-20D0-A73068228F25}.Release|Any CPU.Build.0 = Release|Any CPU
	EndGlobalSection
	GlobalSection(SolutionProperties) = preSolution
		HideSolutionNode = FALSE
	EndGlobalSection
	GlobalSection(ExtensibilityGlobals) = postSolution
		SolutionGuid = {8BA1A98D-0B83-4A51-A9A0-5ECB8A9D09FD}
	EndGlobalSection
EndGlobal
