Microsoft Visual Studio Solution File, Format Version 12.00
# Visual Studio Version 17
VisualStudioVersion = 17.5.2.0
MinimumVisualStudioVersion = 10.0.40219.1
Project("{FAE04EC0-301F-11D3-BF4B-00C04F79EFBC}") = "tubSonlar", "tubSonlar.csproj", "{F56D3125-C07E-2156-3BE9-5D5F0FBFDFE6}"
EndProject
Global
	GlobalSection(SolutionConfigurationPlatforms) = preSolution
		Debug|Any CPU = Debug|Any CPU
		Release|Any CPU = Release|Any CPU
	EndGlobalSection
	GlobalSection(ProjectConfigurationPlatforms) = postSolution
		{F56D3125-C07E-2156-3BE9-5D5F0FBFDFE6}.Debug|Any CPU.ActiveCfg = Debug|Any CPU
		{F56D3125-C07E-2156-3BE9-5D5F0FBFDFE6}.Debug|Any CPU.Build.0 = Debug|Any CPU
		{F56D3125-C07E-2156-3BE9-5D5F0FBFDFE6}.Release|Any CPU.ActiveCfg = Release|Any CPU
		{F56D3125-C07E-2156-3BE9-5D5F0FBFDFE6}.Release|Any CPU.Build.0 = Release|Any CPU
	EndGlobalSection
	GlobalSection(SolutionProperties) = preSolution
		HideSolutionNode = FALSE
	EndGlobalSection
	GlobalSection(ExtensibilityGlobals) = postSolution
		SolutionGuid = {386C5E3D-C585-4A9E-895A-F8F20BC1117C}
	EndGlobalSection
EndGlobal
